
Microsoft Visual Studio Solution File, Format Version 12.00
# Visual Studio Version 17
VisualStudioVersion = 17.14.36221.1
MinimumVisualStudioVersion = 10.0.40219.1
Project("{9A19103F-16F7-4668-BE54-9A1E7A4F7556}") = "FUNewsManagementSystem.API", "FUNewsManagementSystem.API\FUNewsManagementSystem.API.csproj", "{B9E85668-3DA2-4974-BEFD-D26286BD7E20}"
EndProject
Project("{9A19103F-16F7-4668-BE54-9A1E7A4F7556}") = "FUNewsManagementSystem.Repo", "FUNewsManagementSystem.Repo\FUNewsManagementSystem.Repo.csproj", "{FCB1A4B2-B839-42CF-840A-0985E8FA5D4B}"
EndProject
Project("{9A19103F-16F7-4668-BE54-9A1E7A4F7556}") = "FUNewsManagementSystem_Service", "FUNewsManagementSystem_Service\FUNewsManagementSystem_Service.csproj", "{2FCF5FBC-6D12-42EB-BFF6-2B072E99D853}"
EndProject
Project("{9A19103F-16F7-4668-BE54-9A1E7A4F7556}") = "FUNewsManagementSystem.DAO", "FUNewsManagementSYstem.DAO\FUNewsManagementSystem.DAO.csproj", "{B11363F1-3546-4E71-A9E5-50B448497355}"
EndProject
Global
	GlobalSection(SolutionConfigurationPlatforms) = preSolution
		Debug|Any CPU = Debug|Any CPU
		Release|Any CPU = Release|Any CPU
	EndGlobalSection
	GlobalSection(ProjectConfigurationPlatforms) = postSolution
		{B9E85668-3DA2-4974-BEFD-D26286BD7E20}.Debug|Any CPU.ActiveCfg = Debug|Any CPU
		{B9E85668-3DA2-4974-BEFD-D26286BD7E20}.Debug|Any CPU.Build.0 = Debug|Any CPU
		{B9E85668-3DA2-4974-BEFD-D26286BD7E20}.Release|Any CPU.ActiveCfg = Release|Any CPU
		{B9E85668-3DA2-4974-BEFD-D26286BD7E20}.Release|Any CPU.Build.0 = Release|Any CPU
		{FCB1A4B2-B839-42CF-840A-0985E8FA5D4B}.Debug|Any CPU.ActiveCfg = Debug|Any CPU
		{FCB1A4B2-B839-42CF-840A-0985E8FA5D4B}.Debug|Any CPU.Build.0 = Debug|Any CPU
		{FCB1A4B2-B839-42CF-840A-0985E8FA5D4B}.Release|Any CPU.ActiveCfg = Release|Any CPU
		{FCB1A4B2-B839-42CF-840A-0985E8FA5D4B}.Release|Any CPU.Build.0 = Release|Any CPU
		{2FCF5FBC-6D12-42EB-BFF6-2B072E99D853}.Debug|Any CPU.ActiveCfg = Debug|Any CPU
		{2FCF5FBC-6D12-42EB-BFF6-2B072E99D853}.Debug|Any CPU.Build.0 = Debug|Any CPU
		{2FCF5FBC-6D12-42EB-BFF6-2B072E99D853}.Release|Any CPU.ActiveCfg = Release|Any CPU
		{2FCF5FBC-6D12-42EB-BFF6-2B072E99D853}.Release|Any CPU.Build.0 = Release|Any CPU
		{B11363F1-3546-4E71-A9E5-50B448497355}.Debug|Any CPU.ActiveCfg = Debug|Any CPU
		{B11363F1-3546-4E71-A9E5-50B448497355}.Debug|Any CPU.Build.0 = Debug|Any CPU
		{B11363F1-3546-4E71-A9E5-50B448497355}.Release|Any CPU.ActiveCfg = Release|Any CPU
		{B11363F1-3546-4E71-A9E5-50B448497355}.Release|Any CPU.Build.0 = Release|Any CPU
	EndGlobalSection
	GlobalSection(SolutionProperties) = preSolution
		HideSolutionNode = FALSE
	EndGlobalSection
	GlobalSection(ExtensibilityGlobals) = postSolution
		SolutionGuid = {3FF234D7-27F3-4067-ACFB-20E084AF9C07}
	EndGlobalSection
EndGlobal
